
Microsoft Visual Studio Solution File, Format Version 12.00
# Visual Studio Version 17
VisualStudioVersion = 17.9.34728.123
MinimumVisualStudioVersion = 10.0.40219.1
Project("{FAE04EC0-301F-11D3-BF4B-00C04F79EFBC}") = "WeatherWebApplication", "WeatherWebApplication\WeatherWebApplication.csproj", "{1351424D-50EA-44A5-A44F-A6549708B7F7}"
EndProject
Global
	GlobalSection(SolutionConfigurationPlatforms) = preSolution
		Debug|Any CPU = Debug|Any CPU
		Release|Any CPU = Release|Any CPU
	EndGlobalSection
	GlobalSection(ProjectConfigurationPlatforms) = postSolution
		{1351424D-50EA-44A5-A44F-A6549708B7F7}.Debug|Any CPU.ActiveCfg = Debug|Any CPU
		{1351424D-50EA-44A5-A44F-A6549708B7F7}.Debug|Any CPU.Build.0 = Debug|Any CPU
		{1351424D-50EA-44A5-A44F-A6549708B7F7}.Release|Any CPU.ActiveCfg = Release|Any CPU
		{1351424D-50EA-44A5-A44F-A6549708B7F7}.Release|Any CPU.Build.0 = Release|Any CPU
	EndGlobalSection
	GlobalSection(SolutionProperties) = preSolution
		HideSolutionNode = FALSE
	EndGlobalSection
	GlobalSection(ExtensibilityGlobals) = postSolution
		SolutionGuid = {5D56EFAB-02B9-4FDE-BAD7-B65820EC49A1}
	EndGlobalSection
EndGlobal
